
Microsoft Visual Studio Solution File, Format Version 12.00
# Visual Studio Version 16
VisualStudioVersion = 16.0.33027.164
MinimumVisualStudioVersion = 10.0.40219.1
Project("{FAE04EC0-301F-11D3-BF4B-00C04F79EFBC}") = "LastProblems", "LastProblems\LastProblems.csproj", "{A86388D4-0B3A-43D2-B83C-ED2B944A6F53}"
EndProject
Global
	GlobalSection(SolutionConfigurationPlatforms) = preSolution
		Debug|Any CPU = Debug|Any CPU
		Release|Any CPU = Release|Any CPU
	EndGlobalSection
	GlobalSection(ProjectConfigurationPlatforms) = postSolution
		{A86388D4-0B3A-43D2-B83C-ED2B944A6F53}.Debug|Any CPU.ActiveCfg = Debug|Any CPU
		{A86388D4-0B3A-43D2-B83C-ED2B944A6F53}.Debug|Any CPU.Build.0 = Debug|Any CPU
		{A86388D4-0B3A-43D2-B83C-ED2B944A6F53}.Release|Any CPU.ActiveCfg = Release|Any CPU
		{A86388D4-0B3A-43D2-B83C-ED2B944A6F53}.Release|Any CPU.Build.0 = Release|Any CPU
	EndGlobalSection
	GlobalSection(SolutionProperties) = preSolution
		HideSolutionNode = FALSE
	EndGlobalSection
	GlobalSection(ExtensibilityGlobals) = postSolution
		SolutionGuid = {34C3E5A8-780B-4D11-9FE6-84A3614B18B8}
	EndGlobalSection
EndGlobal
